
Microsoft Visual Studio Solution File, Format Version 12.00
# Visual Studio Version 17
VisualStudioVersion = 17.1.32407.343
MinimumVisualStudioVersion = 10.0.40219.1
Project("{FAE04EC0-301F-11D3-BF4B-00C04F79EFBC}") = "DirectoryTraversal", "DirectoryTraversal\DirectoryTraversal.csproj", "{CC96BEFB-8B40-42A5-9D12-F46CA6C9D1CB}"
EndProject
Global
	GlobalSection(SolutionConfigurationPlatforms) = preSolution
		Debug|Any CPU = Debug|Any CPU
		Release|Any CPU = Release|Any CPU
	EndGlobalSection
	GlobalSection(ProjectConfigurationPlatforms) = postSolution
		{CC96BEFB-8B40-42A5-9D12-F46CA6C9D1CB}.Debug|Any CPU.ActiveCfg = Debug|Any CPU
		{CC96BEFB-8B40-42A5-9D12-F46CA6C9D1CB}.Debug|Any CPU.Build.0 = Debug|Any CPU
		{CC96BEFB-8B40-42A5-9D12-F46CA6C9D1CB}.Release|Any CPU.ActiveCfg = Release|Any CPU
		{CC96BEFB-8B40-42A5-9D12-F46CA6C9D1CB}.Release|Any CPU.Build.0 = Release|Any CPU
	EndGlobalSection
	GlobalSection(SolutionProperties) = preSolution
		HideSolutionNode = FALSE
	EndGlobalSection
	GlobalSection(ExtensibilityGlobals) = postSolution
		SolutionGuid = {AE09F213-567D-4D4C-B493-5FE43CF5BF04}
	EndGlobalSection
EndGlobal
